
Microsoft Visual Studio Solution File, Format Version 12.00
# Visual Studio Version 17
VisualStudioVersion = 17.8.34525.116
MinimumVisualStudioVersion = 10.0.40219.1
Project("{FAE04EC0-301F-11D3-BF4B-00C04F79EFBC}") = "SDEV.Peripass.WordExcercise", "SDEV.Peripass.WordExcercise\SDEV.Peripass.WordExcercise.csproj", "{96BD1867-A9F7-4CA3-8DF3-08CBE683CE6F}"
EndProject
Global
	GlobalSection(SolutionConfigurationPlatforms) = preSolution
		Debug|Any CPU = Debug|Any CPU
		Release|Any CPU = Release|Any CPU
	EndGlobalSection
	GlobalSection(ProjectConfigurationPlatforms) = postSolution
		{96BD1867-A9F7-4CA3-8DF3-08CBE683CE6F}.Debug|Any CPU.ActiveCfg = Debug|Any CPU
		{96BD1867-A9F7-4CA3-8DF3-08CBE683CE6F}.Debug|Any CPU.Build.0 = Debug|Any CPU
		{96BD1867-A9F7-4CA3-8DF3-08CBE683CE6F}.Release|Any CPU.ActiveCfg = Release|Any CPU
		{96BD1867-A9F7-4CA3-8DF3-08CBE683CE6F}.Release|Any CPU.Build.0 = Release|Any CPU
	EndGlobalSection
	GlobalSection(SolutionProperties) = preSolution
		HideSolutionNode = FALSE
	EndGlobalSection
	GlobalSection(ExtensibilityGlobals) = postSolution
		SolutionGuid = {1E6CC3BE-806D-428F-8160-FC2D0A82C00C}
	EndGlobalSection
EndGlobal
